// !$*UTF8*$!
{
	archiveVersion = 1;
	classes = {
	};
	objectVersion = 56;
	objects = {

/* Begin PBXBuildFile section */
		5B954D1C2B98993700E3BEB1 /* OrderConfirmationViewController.swift in Sources */ = {isa = PBXBuildFile; fileRef = 5B954D1B2B98993700E3BEB1 /* OrderConfirmationViewController.swift */; };
		5B954D1E2B98A98A00E3BEB1 /* MenuItemCell.swift in Sources */ = {isa = PBXBuildFile; fileRef = 5B954D1D2B98A98A00E3BEB1 /* MenuItemCell.swift */; };
		5BBC55E82B955E510041ADF3 /* CategoryTableViewController.swift in Sources */ = {isa = PBXBuildFile; fileRef = 5BBC55E72B955E510041ADF3 /* CategoryTableViewController.swift */; };
		5BBC55EA2B955E9C0041ADF3 /* MenuTableViewController.swift in Sources */ = {isa = PBXBuildFile; fileRef = 5BBC55E92B955E9C0041ADF3 /* MenuTableViewController.swift */; };
		5BBC55EC2B955EBF0041ADF3 /* OrderTableViewController.swift in Sources */ = {isa = PBXBuildFile; fileRef = 5BBC55EB2B955EBF0041ADF3 /* OrderTableViewController.swift */; };
		5BBC55EE2B9561180041ADF3 /* MenuItemDetailViewController.swift in Sources */ = {isa = PBXBuildFile; fileRef = 5BBC55ED2B9561180041ADF3 /* MenuItemDetailViewController.swift */; };
		5BBC55F02B9562710041ADF3 /* MenuItem.swift in Sources */ = {isa = PBXBuildFile; fileRef = 5BBC55EF2B9562710041ADF3 /* MenuItem.swift */; };
		5BBC55F62B9576DB0041ADF3 /* ResponseModels.swift in Sources */ = {isa = PBXBuildFile; fileRef = 5BBC55F52B9576DB0041ADF3 /* ResponseModels.swift */; };
		5BBC55F82B9577A10041ADF3 /* Order.swift in Sources */ = {isa = PBXBuildFile; fileRef = 5BBC55F72B9577A10041ADF3 /* Order.swift */; };
		5BBC55FA2B958BB30041ADF3 /* MenuController.swift in Sources */ = {isa = PBXBuildFile; fileRef = 5BBC55F92B958BB30041ADF3 /* MenuController.swift */; };
		5BD12FC92B8CE26B0040703B /* AppDelegate.swift in Sources */ = {isa = PBXBuildFile; fileRef = 5BD12FC82B8CE26B0040703B /* AppDelegate.swift */; };
		5BD12FCB2B8CE26B0040703B /* SceneDelegate.swift in Sources */ = {isa = PBXBuildFile; fileRef = 5BD12FCA2B8CE26B0040703B /* SceneDelegate.swift */; };
		5BD12FCD2B8CE26B0040703B /* ViewController.swift in Sources */ = {isa = PBXBuildFile; fileRef = 5BD12FCC2B8CE26B0040703B /* ViewController.swift */; };
		5BD12FD02B8CE26B0040703B /* Main.storyboard in Resources */ = {isa = PBXBuildFile; fileRef = 5BD12FCE2B8CE26B0040703B /* Main.storyboard */; };
		5BD12FD22B8CE26D0040703B /* Assets.xcassets in Resources */ = {isa = PBXBuildFile; fileRef = 5BD12FD12B8CE26D0040703B /* Assets.xcassets */; };
		5BD12FD52B8CE26D0040703B /* LaunchScreen.storyboard in Resources */ = {isa = PBXBuildFile; fileRef = 5BD12FD32B8CE26D0040703B /* LaunchScreen.storyboard */; };
		5BD12FE02B8CE26E0040703B /* RestaurantTests.swift in Sources */ = {isa = PBXBuildFile; fileRef = 5BD12FDF2B8CE26E0040703B /* RestaurantTests.swift */; };
		5BD12FEA2B8CE26E0040703B /* RestaurantUITests.swift in Sources */ = {isa = PBXBuildFile; fileRef = 5BD12FE92B8CE26E0040703B /* RestaurantUITests.swift */; };
		5BD12FEC2B8CE26E0040703B /* RestaurantUITestsLaunchTests.swift in Sources */ = {isa = PBXBuildFile; fileRef = 5BD12FEB2B8CE26E0040703B /* RestaurantUITestsLaunchTests.swift */; };
/* End PBXBuildFile section */

/* Begin PBXContainerItemProxy section */
		5BD12FDC2B8CE26E0040703B /* PBXContainerItemProxy */ = {
			isa = PBXContainerItemProxy;
			containerPortal = 5BD12FBD2B8CE26B0040703B /* Project object */;
			proxyType = 1;
			remoteGlobalIDString = 5BD12FC42B8CE26B0040703B;
			remoteInfo = Restaurant;
		};
		5BD12FE62B8CE26E0040703B /* PBXContainerItemProxy */ = {
			isa = PBXContainerItemProxy;
			containerPortal = 5BD12FBD2B8CE26B0040703B /* Project object */;
			proxyType = 1;
			remoteGlobalIDString = 5BD12FC42B8CE26B0040703B;
			remoteInfo = Restaurant;
		};
/* End PBXContainerItemProxy section */

/* Begin PBXFileReference section */
		5B954D1B2B98993700E3BEB1 /* OrderConfirmationViewController.swift */ = {isa = PBXFileReference; lastKnownFileType = sourcecode.swift; path = OrderConfirmationViewController.swift; sourceTree = "<group>"; };
		5B954D1D2B98A98A00E3BEB1 /* MenuItemCell.swift */ = {isa = PBXFileReference; lastKnownFileType = sourcecode.swift; path = MenuItemCell.swift; sourceTree = "<group>"; };
		5BBC55E72B955E510041ADF3 /* CategoryTableViewController.swift */ = {isa = PBXFileReference; lastKnownFileType = sourcecode.swift; path = CategoryTableViewController.swift; sourceTree = "<group>"; };
		5BBC55E92B955E9C0041ADF3 /* MenuTableViewController.swift */ = {isa = PBXFileReference; lastKnownFileType = sourcecode.swift; path = MenuTableViewController.swift; sourceTree = "<group>"; };
		5BBC55EB2B955EBF0041ADF3 /* OrderTableViewController.swift */ = {isa = PBXFileReference; lastKnownFileType = sourcecode.swift; path = OrderTableViewController.swift; sourceTree = "<group>"; };
		5BBC55ED2B9561180041ADF3 /* MenuItemDetailViewController.swift */ = {isa = PBXFileReference; lastKnownFileType = sourcecode.swift; path = MenuItemDetailViewController.swift; sourceTree = "<group>"; };
		5BBC55EF2B9562710041ADF3 /* MenuItem.swift */ = {isa = PBXFileReference; lastKnownFileType = sourcecode.swift; path = MenuItem.swift; sourceTree = "<group>"; };
		5BBC55F52B9576DB0041ADF3 /* ResponseModels.swift */ = {isa = PBXFileReference; lastKnownFileType = sourcecode.swift; path = ResponseModels.swift; sourceTree = "<group>"; };
		5BBC55F72B9577A10041ADF3 /* Order.swift */ = {isa = PBXFileReference; lastKnownFileType = sourcecode.swift; path = Order.swift; sourceTree = "<group>"; };
		5BBC55F92B958BB30041ADF3 /* MenuController.swift */ = {isa = PBXFileReference; lastKnownFileType = sourcecode.swift; path = MenuController.swift; sourceTree = "<group>"; };
		5BD12FC52B8CE26B0040703B /* Restaurant.app */ = {isa = PBXFileReference; explicitFileType = wrapper.application; includeInIndex = 0; path = Restaurant.app; sourceTree = BUILT_PRODUCTS_DIR; };
		5BD12FC82B8CE26B0040703B /* AppDelegate.swift */ = {isa = PBXFileReference; lastKnownFileType = sourcecode.swift; path = AppDelegate.swift; sourceTree = "<group>"; };
		5BD12FCA2B8CE26B0040703B /* SceneDelegate.swift */ = {isa = PBXFileReference; lastKnownFileType = sourcecode.swift; path = SceneDelegate.swift; sourceTree = "<group>"; };
		5BD12FCC2B8CE26B0040703B /* ViewController.swift */ = {isa = PBXFileReference; lastKnownFileType = sourcecode.swift; path = ViewController.swift; sourceTree = "<group>"; };
		5BD12FCF2B8CE26B0040703B /* Base */ = {isa = PBXFileReference; lastKnownFileType = file.storyboard; name = Base; path = Base.lproj/Main.storyboard; sourceTree = "<group>"; };
		5BD12FD12B8CE26D0040703B /* Assets.xcassets */ = {isa = PBXFileReference; lastKnownFileType = folder.assetcatalog; path = Assets.xcassets; sourceTree = "<group>"; };
		5BD12FD42B8CE26D0040703B /* Base */ = {isa = PBXFileReference; lastKnownFileType = file.storyboard; name = Base; path = Base.lproj/LaunchScreen.storyboard; sourceTree = "<group>"; };
		5BD12FD62B8CE26D0040703B /* Info.plist */ = {isa = PBXFileReference; lastKnownFileType = text.plist.xml; path = Info.plist; sourceTree = "<group>"; };
		5BD12FDB2B8CE26E0040703B /* RestaurantTests.xctest */ = {isa = PBXFileReference; explicitFileType = wrapper.cfbundle; includeInIndex = 0; path = RestaurantTests.xctest; sourceTree = BUILT_PRODUCTS_DIR; };
		5BD12FDF2B8CE26E0040703B /* RestaurantTests.swift */ = {isa = PBXFileReference; lastKnownFileType = sourcecode.swift; path = RestaurantTests.swift; sourceTree = "<group>"; };
		5BD12FE52B8CE26E0040703B /* RestaurantUITests.xctest */ = {isa = PBXFileReference; explicitFileType = wrapper.cfbundle; includeInIndex = 0; path = RestaurantUITests.xctest; sourceTree = BUILT_PRODUCTS_DIR; };
		5BD12FE92B8CE26E0040703B /* RestaurantUITests.swift */ = {isa = PBXFileReference; lastKnownFileType = sourcecode.swift; path = RestaurantUITests.swift; sourceTree = "<group>"; };
		5BD12FEB2B8CE26E0040703B /* RestaurantUITestsLaunchTests.swift */ = {isa = PBXFileReference; lastKnownFileType = sourcecode.swift; path = RestaurantUITestsLaunchTests.swift; sourceTree = "<group>"; };
/* End PBXFileReference section */

/* Begin PBXFrameworksBuildPhase section */
		5BD12FC22B8CE26B0040703B /* Frameworks */ = {
			isa = PBXFrameworksBuildPhase;
			buildActionMask = 2147483647;
			files = (
			);
			runOnlyForDeploymentPostprocessing = 0;
		};
		5BD12FD82B8CE26E0040703B /* Frameworks */ = {
			isa = PBXFrameworksBuildPhase;
			buildActionMask = 2147483647;
			files = (
			);
			runOnlyForDeploymentPostprocessing = 0;
		};
		5BD12FE22B8CE26E0040703B /* Frameworks */ = {
			isa = PBXFrameworksBuildPhase;
			buildActionMask = 2147483647;
			files = (
			);
			runOnlyForDeploymentPostprocessing = 0;
		};
/* End PBXFrameworksBuildPhase section */

/* Begin PBXGroup section */
		5BD12FBC2B8CE26B0040703B = {
			isa = PBXGroup;
			children = (
				5BD12FC72B8CE26B0040703B /* Restaurant */,
				5BD12FDE2B8CE26E0040703B /* RestaurantTests */,
				5BD12FE82B8CE26E0040703B /* RestaurantUITests */,
				5BD12FC62B8CE26B0040703B /* Products */,
			);
			sourceTree = "<group>";
		};
		5BD12FC62B8CE26B0040703B /* Products */ = {
			isa = PBXGroup;
			children = (
				5BD12FC52B8CE26B0040703B /* Restaurant.app */,
				5BD12FDB2B8CE26E0040703B /* RestaurantTests.xctest */,
				5BD12FE52B8CE26E0040703B /* RestaurantUITests.xctest */,
			);
			name = Products;
			sourceTree = "<group>";
		};
		5BD12FC72B8CE26B0040703B /* Restaurant */ = {
			isa = PBXGroup;
			children = (
				5BD12FC82B8CE26B0040703B /* AppDelegate.swift */,
				5BD12FCA2B8CE26B0040703B /* SceneDelegate.swift */,
				5BD12FCC2B8CE26B0040703B /* ViewController.swift */,
				5BD12FCE2B8CE26B0040703B /* Main.storyboard */,
				5B954D1B2B98993700E3BEB1 /* OrderConfirmationViewController.swift */,
				5BBC55EF2B9562710041ADF3 /* MenuItem.swift */,
				5BBC55F52B9576DB0041ADF3 /* ResponseModels.swift */,
				5BBC55F92B958BB30041ADF3 /* MenuController.swift */,
				5BBC55F72B9577A10041ADF3 /* Order.swift */,
				5BBC55ED2B9561180041ADF3 /* MenuItemDetailViewController.swift */,
				5BBC55E72B955E510041ADF3 /* CategoryTableViewController.swift */,
				5BBC55E92B955E9C0041ADF3 /* MenuTableViewController.swift */,
				5B954D1D2B98A98A00E3BEB1 /* MenuItemCell.swift */,
				5BBC55EB2B955EBF0041ADF3 /* OrderTableViewController.swift */,
				5BD12FD12B8CE26D0040703B /* Assets.xcassets */,
				5BD12FD32B8CE26D0040703B /* LaunchScreen.storyboard */,
				5BD12FD62B8CE26D0040703B /* Info.plist */,
			);
			path = Restaurant;
			sourceTree = "<group>";
		};
		5BD12FDE2B8CE26E0040703B /* RestaurantTests */ = {
			isa = PBXGroup;
			children = (
				5BD12FDF2B8CE26E0040703B /* RestaurantTests.swift */,
			);
			path = RestaurantTests;
			sourceTree = "<group>";
		};
		5BD12FE82B8CE26E0040703B /* RestaurantUITests */ = {
			isa = PBXGroup;
			children = (
				5BD12FE92B8CE26E0040703B /* RestaurantUITests.swift */,
				5BD12FEB2B8CE26E0040703B /* RestaurantUITestsLaunchTests.swift */,
			);
			path = RestaurantUITests;
			sourceTree = "<group>";
		};
/* End PBXGroup section */

/* Begin PBXNativeTarget section */
		5BD12FC42B8CE26B0040703B /* Restaurant */ = {
			isa = PBXNativeTarget;
			buildConfigurationList = 5BD12FEF2B8CE26E0040703B /* Build configuration list for PBXNativeTarget "Restaurant" */;
			buildPhases = (
				5BD12FC12B8CE26B0040703B /* Sources */,
				5BD12FC22B8CE26B0040703B /* Frameworks */,
				5BD12FC32B8CE26B0040703B /* Resources */,
			);
			buildRules = (
			);
			dependencies = (
			);
			name = Restaurant;
			productName = Restaurant;
			productReference = 5BD12FC52B8CE26B0040703B /* Restaurant.app */;
			productType = "com.apple.product-type.application";
		};
		5BD12FDA2B8CE26E0040703B /* RestaurantTests */ = {
			isa = PBXNativeTarget;
			buildConfigurationList = 5BD12FF22B8CE26E0040703B /* Build configuration list for PBXNativeTarget "RestaurantTests" */;
			buildPhases = (
				5BD12FD72B8CE26E0040703B /* Sources */,
				5BD12FD82B8CE26E0040703B /* Frameworks */,
				5BD12FD92B8CE26E0040703B /* Resources */,
			);
			buildRules = (
			);
			dependencies = (
				5BD12FDD2B8CE26E0040703B /* PBXTargetDependency */,
			);
			name = RestaurantTests;
			productName = RestaurantTests;
			productReference = 5BD12FDB2B8CE26E0040703B /* RestaurantTests.xctest */;
			productType = "com.apple.product-type.bundle.unit-test";
		};
		5BD12FE42B8CE26E0040703B /* RestaurantUITests */ = {
			isa = PBXNativeTarget;
			buildConfigurationList = 5BD12FF52B8CE26E0040703B /* Build configuration list for PBXNativeTarget "RestaurantUITests" */;
			buildPhases = (
				5BD12FE12B8CE26E0040703B /* Sources */,
				5BD12FE22B8CE26E0040703B /* Frameworks */,
				5BD12FE32B8CE26E0040703B /* Resources */,
			);
			buildRules = (
			);
			dependencies = (
				5BD12FE72B8CE26E0040703B /* PBXTargetDependency */,
			);
			name = RestaurantUITests;
			productName = RestaurantUITests;
			productReference = 5BD12FE52B8CE26E0040703B /* RestaurantUITests.xctest */;
			productType = "com.apple.product-type.bundle.ui-testing";
		};
/* End PBXNativeTarget section */

/* Begin PBXProject section */
		5BD12FBD2B8CE26B0040703B /* Project object */ = {
			isa = PBXProject;
			attributes = {
				BuildIndependentTargetsInParallel = 1;
				LastSwiftUpdateCheck = 1520;
				LastUpgradeCheck = 1520;
				ORGANIZATIONNAME = "Kazi Safir";
				TargetAttributes = {
					5BD12FC42B8CE26B0040703B = {
						CreatedOnToolsVersion = 15.2;
					};
					5BD12FDA2B8CE26E0040703B = {
						CreatedOnToolsVersion = 15.2;
						TestTargetID = 5BD12FC42B8CE26B0040703B;
					};
					5BD12FE42B8CE26E0040703B = {
						CreatedOnToolsVersion = 15.2;
						TestTargetID = 5BD12FC42B8CE26B0040703B;
					};
				};
			};
			buildConfigurationList = 5BD12FC02B8CE26B0040703B /* Build configuration list for PBXProject "Restaurant" */;
			compatibilityVersion = "Xcode 14.0";
			developmentRegion = en;
			hasScannedForEncodings = 0;
			knownRegions = (
				en,
				Base,
			);
			mainGroup = 5BD12FBC2B8CE26B0040703B;
			productRefGroup = 5BD12FC62B8CE26B0040703B /* Products */;
			projectDirPath = "";
			projectRoot = "";
			targets = (
				5BD12FC42B8CE26B0040703B /* Restaurant */,
				5BD12FDA2B8CE26E0040703B /* RestaurantTests */,
				5BD12FE42B8CE26E0040703B /* RestaurantUITests */,
			);
		};
/* End PBXProject section */

/* Begin PBXResourcesBuildPhase section */
		5BD12FC32B8CE26B0040703B /* Resources */ = {
			isa = PBXResourcesBuildPhase;
			buildActionMask = 2147483647;
			files = (
				5BD12FD52B8CE26D0040703B /* LaunchScreen.storyboard in Resources */,
				5BD12FD22B8CE26D0040703B /* Assets.xcassets in Resources */,
				5BD12FD02B8CE26B0040703B /* Main.storyboard in Resources */,
			);
			runOnlyForDeploymentPostprocessing = 0;
		};
		5BD12FD92B8CE26E0040703B /* Resources */ = {
			isa = PBXResourcesBuildPhase;
			buildActionMask = 2147483647;
			files = (
			);
			runOnlyForDeploymentPostprocessing = 0;
		};
		5BD12FE32B8CE26E0040703B /* Resources */ = {
			isa = PBXResourcesBuildPhase;
			buildActionMask = 2147483647;
			files = (
			);
			runOnlyForDeploymentPostprocessing = 0;
		};
/* End PBXResourcesBuildPhase section */

/* Begin PBXSourcesBuildPhase section */
		5BD12FC12B8CE26B0040703B /* Sources */ = {
			isa = PBXSourcesBuildPhase;
			buildActionMask = 2147483647;
			files = (
				5BD12FCD2B8CE26B0040703B /* ViewController.swift in Sources */,
				5BD12FC92B8CE26B0040703B /* AppDelegate.swift in Sources */,
				5BBC55F82B9577A10041ADF3 /* Order.swift in Sources */,
				5BBC55EA2B955E9C0041ADF3 /* MenuTableViewController.swift in Sources */,
				5BBC55EE2B9561180041ADF3 /* MenuItemDetailViewController.swift in Sources */,
				5BBC55FA2B958BB30041ADF3 /* MenuController.swift in Sources */,
				5BD12FCB2B8CE26B0040703B /* SceneDelegate.swift in Sources */,
				5B954D1E2B98A98A00E3BEB1 /* MenuItemCell.swift in Sources */,
				5BBC55F62B9576DB0041ADF3 /* ResponseModels.swift in Sources */,
				5B954D1C2B98993700E3BEB1 /* OrderConfirmationViewController.swift in Sources */,
				5BBC55F02B9562710041ADF3 /* MenuItem.swift in Sources */,
				5BBC55EC2B955EBF0041ADF3 /* OrderTableViewController.swift in Sources */,
				5BBC55E82B955E510041ADF3 /* CategoryTableViewController.swift in Sources */,
			);
			runOnlyForDeploymentPostprocessing = 0;
		};
		5BD12FD72B8CE26E0040703B /* Sources */ = {
			isa = PBXSourcesBuildPhase;
			buildActionMask = 2147483647;
			files = (
				5BD12FE02B8CE26E0040703B /* RestaurantTests.swift in Sources */,
			);
			runOnlyForDeploymentPostprocessing = 0;
		};
		5BD12FE12B8CE26E0040703B /* Sources */ = {
			isa = PBXSourcesBuildPhase;
			buildActionMask = 2147483647;
			files = (
				5BD12FEA2B8CE26E0040703B /* RestaurantUITests.swift in Sources */,
				5BD12FEC2B8CE26E0040703B /* RestaurantUITestsLaunchTests.swift in Sources */,
			);
			runOnlyForDeploymentPostprocessing = 0;
		};
/* End PBXSourcesBuildPhase section */

/* Begin PBXTargetDependency section */
		5BD12FDD2B8CE26E0040703B /* PBXTargetDependency */ = {
			isa = PBXTargetDependency;
			target = 5BD12FC42B8CE26B0040703B /* Restaurant */;
			targetProxy = 5BD12FDC2B8CE26E0040703B /* PBXContainerItemProxy */;
		};
		5BD12FE72B8CE26E0040703B /* PBXTargetDependency */ = {
			isa = PBXTargetDependency;
			target = 5BD12FC42B8CE26B0040703B /* Restaurant */;
			targetProxy = 5BD12FE62B8CE26E0040703B /* PBXContainerItemProxy */;
		};
/* End PBXTargetDependency section */

/* Begin PBXVariantGroup section */
		5BD12FCE2B8CE26B0040703B /* Main.storyboard */ = {
			isa = PBXVariantGroup;
			children = (
				5BD12FCF2B8CE26B0040703B /* Base */,
			);
			name = Main.storyboard;
			sourceTree = "<group>";
		};
		5BD12FD32B8CE26D0040703B /* LaunchScreen.storyboard */ = {
			isa = PBXVariantGroup;
			children = (
				5BD12FD42B8CE26D0040703B /* Base */,
			);
			name = LaunchScreen.storyboard;
			sourceTree = "<group>";
		};
/* End PBXVariantGroup section */

/* Begin XCBuildConfiguration section */
		5BD12FED2B8CE26E0040703B /* Debug */ = {
			isa = XCBuildConfiguration;
			buildSettings = {
				ALWAYS_SEARCH_USER_PATHS = NO;
				ASSETCATALOG_COMPILER_GENERATE_SWIFT_ASSET_SYMBOL_EXTENSIONS = YES;
				CLANG_ANALYZER_NONNULL = YES;
				CLANG_ANALYZER_NUMBER_OBJECT_CONVERSION = YES_AGGRESSIVE;
				CLANG_CXX_LANGUAGE_STANDARD = "gnu++20";
				CLANG_ENABLE_MODULES = YES;
				CLANG_ENABLE_OBJC_ARC = YES;
				CLANG_ENABLE_OBJC_WEAK = YES;
				CLANG_WARN_BLOCK_CAPTURE_AUTORELEASING = YES;
				CLANG_WARN_BOOL_CONVERSION = YES;
				CLANG_WARN_COMMA = YES;
				CLANG_WARN_CONSTANT_CONVERSION = YES;
				CLANG_WARN_DEPRECATED_OBJC_IMPLEMENTATIONS = YES;
				CLANG_WARN_DIRECT_OBJC_ISA_USAGE = YES_ERROR;
				CLANG_WARN_DOCUMENTATION_COMMENTS = YES;
				CLANG_WARN_EMPTY_BODY = YES;
				CLANG_WARN_ENUM_CONVERSION = YES;
				CLANG_WARN_INFINITE_RECURSION = YES;
				CLANG_WARN_INT_CONVERSION = YES;
				CLANG_WARN_NON_LITERAL_NULL_CONVERSION = YES;
				CLANG_WARN_OBJC_IMPLICIT_RETAIN_SELF = YES;
				CLANG_WARN_OBJC_LITERAL_CONVERSION = YES;
				CLANG_WARN_OBJC_ROOT_CLASS = YES_ERROR;
				CLANG_WARN_QUOTED_INCLUDE_IN_FRAMEWORK_HEADER = YES;
				CLANG_WARN_RANGE_LOOP_ANALYSIS = YES;
				CLANG_WARN_STRICT_PROTOTYPES = YES;
				CLANG_WARN_SUSPICIOUS_MOVE = YES;
				CLANG_WARN_UNGUARDED_AVAILABILITY = YES_AGGRESSIVE;
				CLANG_WARN_UNREACHABLE_CODE = YES;
				CLANG_WARN__DUPLICATE_METHOD_MATCH = YES;
				COPY_PHASE_STRIP = NO;
				DEBUG_INFORMATION_FORMAT = dwarf;
				ENABLE_STRICT_OBJC_MSGSEND = YES;
				ENABLE_TESTABILITY = YES;
				ENABLE_USER_SCRIPT_SANDBOXING = YES;
				GCC_C_LANGUAGE_STANDARD = gnu17;
				GCC_DYNAMIC_NO_PIC = NO;
				GCC_NO_COMMON_BLOCKS = YES;
				GCC_OPTIMIZATION_LEVEL = 0;
				GCC_PREPROCESSOR_DEFINITIONS = (
					"DEBUG=1",
					"$(inherited)",
				);
				GCC_WARN_64_TO_32_BIT_CONVERSION = YES;
				GCC_WARN_ABOUT_RETURN_TYPE = YES_ERROR;
				GCC_WARN_UNDECLARED_SELECTOR = YES;
				GCC_WARN_UNINITIALIZED_AUTOS = YES_AGGRESSIVE;
				GCC_WARN_UNUSED_FUNCTION = YES;
				GCC_WARN_UNUSED_VARIABLE = YES;
				IPHONEOS_DEPLOYMENT_TARGET = 17.2;
				LOCALIZATION_PREFERS_STRING_CATALOGS = YES;
				MTL_ENABLE_DEBUG_INFO = INCLUDE_SOURCE;
				MTL_FAST_MATH = YES;
				ONLY_ACTIVE_ARCH = YES;
				SDKROOT = iphoneos;
				SWIFT_ACTIVE_COMPILATION_CONDITIONS = "DEBUG $(inherited)";
				SWIFT_OPTIMIZATION_LEVEL = "-Onone";
			};
			name = Debug;
		};
		5BD12FEE2B8CE26E0040703B /* Release */ = {
			isa = XCBuildConfiguration;
			buildSettings = {
				ALWAYS_SEARCH_USER_PATHS = NO;
				ASSETCATALOG_COMPILER_GENERATE_SWIFT_ASSET_SYMBOL_EXTENSIONS = YES;
				CLANG_ANALYZER_NONNULL = YES;
				CLANG_ANALYZER_NUMBER_OBJECT_CONVERSION = YES_AGGRESSIVE;
				CLANG_CXX_LANGUAGE_STANDARD = "gnu++20";
				CLANG_ENABLE_MODULES = YES;
				CLANG_ENABLE_OBJC_ARC = YES;
				CLANG_ENABLE_OBJC_WEAK = YES;
				CLANG_WARN_BLOCK_CAPTURE_AUTORELEASING = YES;
				CLANG_WARN_BOOL_CONVERSION = YES;
				CLANG_WARN_COMMA = YES;
				CLANG_WARN_CONSTANT_CONVERSION = YES;
				CLANG_WARN_DEPRECATED_OBJC_IMPLEMENTATIONS = YES;
				CLANG_WARN_DIRECT_OBJC_ISA_USAGE = YES_ERROR;
				CLANG_WARN_DOCUMENTATION_COMMENTS = YES;
				CLANG_WARN_EMPTY_BODY = YES;
				CLANG_WARN_ENUM_CONVERSION = YES;
				CLANG_WARN_INFINITE_RECURSION = YES;
				CLANG_WARN_INT_CONVERSION = YES;
				CLANG_WARN_NON_LITERAL_NULL_CONVERSION = YES;
				CLANG_WARN_OBJC_IMPLICIT_RETAIN_SELF = YES;
				CLANG_WARN_OBJC_LITERAL_CONVERSION = YES;
				CLANG_WARN_OBJC_ROOT_CLASS = YES_ERROR;
				CLANG_WARN_QUOTED_INCLUDE_IN_FRAMEWORK_HEADER = YES;
				CLANG_WARN_RANGE_LOOP_ANALYSIS = YES;
				CLANG_WARN_STRICT_PROTOTYPES = YES;
				CLANG_WARN_SUSPICIOUS_MOVE = YES;
				CLANG_WARN_UNGUARDED_AVAILABILITY = YES_AGGRESSIVE;
				CLANG_WARN_UNREACHABLE_CODE = YES;
				CLANG_WARN__DUPLICATE_METHOD_MATCH = YES;
				COPY_PHASE_STRIP = NO;
				DEBUG_INFORMATION_FORMAT = "dwarf-with-dsym";
				ENABLE_NS_ASSERTIONS = NO;
				ENABLE_STRICT_OBJC_MSGSEND = YES;
				ENABLE_USER_SCRIPT_SANDBOXING = YES;
				GCC_C_LANGUAGE_STANDARD = gnu17;
				GCC_NO_COMMON_BLOCKS = YES;
				GCC_WARN_64_TO_32_BIT_CONVERSION = YES;
				GCC_WARN_ABOUT_RETURN_TYPE = YES_ERROR;
				GCC_WARN_UNDECLARED_SELECTOR = YES;
				GCC_WARN_UNINITIALIZED_AUTOS = YES_AGGRESSIVE;
				GCC_WARN_UNUSED_FUNCTION = YES;
				GCC_WARN_UNUSED_VARIABLE = YES;
				IPHONEOS_DEPLOYMENT_TARGET = 17.2;
				LOCALIZATION_PREFERS_STRING_CATALOGS = YES;
				MTL_ENABLE_DEBUG_INFO = NO;
				MTL_FAST_MATH = YES;
				SDKROOT = iphoneos;
				SWIFT_COMPILATION_MODE = wholemodule;
				VALIDATE_PRODUCT = YES;
			};
			name = Release;
		};
		5BD12FF02B8CE26E0040703B /* Debug */ = {
			isa = XCBuildConfiguration;
			buildSettings = {
				ASSETCATALOG_COMPILER_APPICON_NAME = AppIcon;
				ASSETCATALOG_COMPILER_GLOBAL_ACCENT_COLOR_NAME = AccentColor;
				CODE_SIGN_STYLE = Automatic;
				CURRENT_PROJECT_VERSION = 1;
				DEVELOPMENT_TEAM = SKEUW542XH;
				GENERATE_INFOPLIST_FILE = YES;
				INFOPLIST_FILE = Restaurant/Info.plist;
				INFOPLIST_KEY_CFBundleDisplayName = Restaurant;
				INFOPLIST_KEY_UIApplicationSupportsIndirectInputEvents = YES;
				INFOPLIST_KEY_UILaunchStoryboardName = LaunchScreen;
				INFOPLIST_KEY_UIMainStoryboardFile = Main;
				INFOPLIST_KEY_UISupportedInterfaceOrientations_iPad = "UIInterfaceOrientationPortrait UIInterfaceOrientationPortraitUpsideDown UIInterfaceOrientationLandscapeLeft UIInterfaceOrientationLandscapeRight";
				INFOPLIST_KEY_UISupportedInterfaceOrientations_iPhone = "UIInterfaceOrientationPortrait UIInterfaceOrientationLandscapeLeft UIInterfaceOrientationLandscapeRight";
				LD_RUNPATH_SEARCH_PATHS = (
					"$(inherited)",
					"@executable_path/Frameworks",
				);
				MARKETING_VERSION = 1.0;
				PRODUCT_BUNDLE_IDENTIFIER = KaziSafir.Restaurant;
				PRODUCT_NAME = "$(TARGET_NAME)";
				SWIFT_EMIT_LOC_STRINGS = YES;
				SWIFT_VERSION = 5.0;
				TARGETED_DEVICE_FAMILY = "1,2";
			};
			name = Debug;
		};
		5BD12FF12B8CE26E0040703B /* Release */ = {
			isa = XCBuildConfiguration;
			buildSettings = {
				ASSETCATALOG_COMPILER_APPICON_NAME = AppIcon;
				ASSETCATALOG_COMPILER_GLOBAL_ACCENT_COLOR_NAME = AccentColor;
				CODE_SIGN_STYLE = Automatic;
				CURRENT_PROJECT_VERSION = 1;
				DEVELOPMENT_TEAM = SKEUW542XH;
				GENERATE_INFOPLIST_FILE = YES;
				INFOPLIST_FILE = Restaurant/Info.plist;
				INFOPLIST_KEY_CFBundleDisplayName = Restaurant;
				INFOPLIST_KEY_UIApplicationSupportsIndirectInputEvents = YES;
				INFOPLIST_KEY_UILaunchStoryboardName = LaunchScreen;
				INFOPLIST_KEY_UIMainStoryboardFile = Main;
				INFOPLIST_KEY_UISupportedInterfaceOrientations_iPad = "UIInterfaceOrientationPortrait UIInterfaceOrientationPortraitUpsideDown UIInterfaceOrientationLandscapeLeft UIInterfaceOrientationLandscapeRight";
				INFOPLIST_KEY_UISupportedInterfaceOrientations_iPhone = "UIInterfaceOrientationPortrait UIInterfaceOrientationLandscapeLeft UIInterfaceOrientationLandscapeRight";
				LD_RUNPATH_SEARCH_PATHS = (
					"$(inherited)",
					"@executable_path/Frameworks",
				);
				MARKETING_VERSION = 1.0;
				PRODUCT_BUNDLE_IDENTIFIER = KaziSafir.Restaurant;
				PRODUCT_NAME = "$(TARGET_NAME)";
				SWIFT_EMIT_LOC_STRINGS = YES;
				SWIFT_VERSION = 5.0;
				TARGETED_DEVICE_FAMILY = "1,2";
			};
			name = Release;
		};
		5BD12FF32B8CE26E0040703B /* Debug */ = {
			isa = XCBuildConfiguration;
			buildSettings = {
				ALWAYS_EMBED_SWIFT_STANDARD_LIBRARIES = YES;
				BUNDLE_LOADER = "$(TEST_HOST)";
				CODE_SIGN_STYLE = Automatic;
				CURRENT_PROJECT_VERSION = 1;
				DEVELOPMENT_TEAM = SKEUW542XH;
				GENERATE_INFOPLIST_FILE = YES;
				IPHONEOS_DEPLOYMENT_TARGET = 17.2;
				MARKETING_VERSION = 1.0;
				PRODUCT_BUNDLE_IDENTIFIER = KaziSafir.RestaurantTests;
				PRODUCT_NAME = "$(TARGET_NAME)";
				SWIFT_EMIT_LOC_STRINGS = NO;
				SWIFT_VERSION = 5.0;
				TARGETED_DEVICE_FAMILY = "1,2";
				TEST_HOST = "$(BUILT_PRODUCTS_DIR)/Restaurant.app/$(BUNDLE_EXECUTABLE_FOLDER_PATH)/Restaurant";
			};
			name = Debug;
		};
		5BD12FF42B8CE26E0040703B /* Release */ = {
			isa = XCBuildConfiguration;
			buildSettings = {
				ALWAYS_EMBED_SWIFT_STANDARD_LIBRARIES = YES;
				BUNDLE_LOADER = "$(TEST_HOST)";
				CODE_SIGN_STYLE = Automatic;
				CURRENT_PROJECT_VERSION = 1;
				DEVELOPMENT_TEAM = SKEUW542XH;
				GENERATE_INFOPLIST_FILE = YES;
				IPHONEOS_DEPLOYMENT_TARGET = 17.2;
				MARKETING_VERSION = 1.0;
				PRODUCT_BUNDLE_IDENTIFIER = KaziSafir.RestaurantTests;
				PRODUCT_NAME = "$(TARGET_NAME)";
				SWIFT_EMIT_LOC_STRINGS = NO;
				SWIFT_VERSION = 5.0;
				TARGETED_DEVICE_FAMILY = "1,2";
				TEST_HOST = "$(BUILT_PRODUCTS_DIR)/Restaurant.app/$(BUNDLE_EXECUTABLE_FOLDER_PATH)/Restaurant";
			};
			name = Release;
		};
		5BD12FF62B8CE26E0040703B /* Debug */ = {
			isa = XCBuildConfiguration;
			buildSettings = {
				ALWAYS_EMBED_SWIFT_STANDARD_LIBRARIES = YES;
				CODE_SIGN_STYLE = Automatic;
				CURRENT_PROJECT_VERSION = 1;
				DEVELOPMENT_TEAM = SKEUW542XH;
				GENERATE_INFOPLIST_FILE = YES;
				MARKETING_VERSION = 1.0;
				PRODUCT_BUNDLE_IDENTIFIER = KaziSafir.RestaurantUITests;
				PRODUCT_NAME = "$(TARGET_NAME)";
				SWIFT_EMIT_LOC_STRINGS = NO;
				SWIFT_VERSION = 5.0;
				TARGETED_DEVICE_FAMILY = "1,2";
				TEST_TARGET_NAME = Restaurant;
			};
			name = Debug;
		};
		5BD12FF72B8CE26E0040703B /* Release */ = {
			isa = XCBuildConfiguration;
			buildSettings = {
				ALWAYS_EMBED_SWIFT_STANDARD_LIBRARIES = YES;
				CODE_SIGN_STYLE = Automatic;
				CURRENT_PROJECT_VERSION = 1;
				DEVELOPMENT_TEAM = SKEUW542XH;
				GENERATE_INFOPLIST_FILE = YES;
				MARKETING_VERSION = 1.0;
				PRODUCT_BUNDLE_IDENTIFIER = KaziSafir.RestaurantUITests;
				PRODUCT_NAME = "$(TARGET_NAME)";
				SWIFT_EMIT_LOC_STRINGS = NO;
				SWIFT_VERSION = 5.0;
				TARGETED_DEVICE_FAMILY = "1,2";
				TEST_TARGET_NAME = Restaurant;
			};
			name = Release;
		};
/* End XCBuildConfiguration section */

/* Begin XCConfigurationList section */
		5BD12FC02B8CE26B0040703B /* Build configuration list for PBXProject "Restaurant" */ = {
			isa = XCConfigurationList;
			buildConfigurations = (
				5BD12FED2B8CE26E0040703B /* Debug */,
				5BD12FEE2B8CE26E0040703B /* Release */,
			);
			defaultConfigurationIsVisible = 0;
			defaultConfigurationName = Release;
		};
		5BD12FEF2B8CE26E0040703B /* Build configuration list for PBXNativeTarget "Restaurant" */ = {
			isa = XCConfigurationList;
			buildConfigurations = (
				5BD12FF02B8CE26E0040703B /* Debug */,
				5BD12FF12B8CE26E0040703B /* Release */,
			);
			defaultConfigurationIsVisible = 0;
			defaultConfigurationName = Release;
		};
		5BD12FF22B8CE26E0040703B /* Build configuration list for PBXNativeTarget "RestaurantTests" */ = {
			isa = XCConfigurationList;
			buildConfigurations = (
				5BD12FF32B8CE26E0040703B /* Debug */,
				5BD12FF42B8CE26E0040703B /* Release */,
			);
			defaultConfigurationIsVisible = 0;
			defaultConfigurationName = Release;
		};
		5BD12FF52B8CE26E0040703B /* Build configuration list for PBXNativeTarget "RestaurantUITests" */ = {
			isa = XCConfigurationList;
			buildConfigurations = (
				5BD12FF62B8CE26E0040703B /* Debug */,
				5BD12FF72B8CE26E0040703B /* Release */,
			);
			defaultConfigurationIsVisible = 0;
			defaultConfigurationName = Release;
		};
/* End XCConfigurationList section */
	};
	rootObject = 5BD12FBD2B8CE26B0040703B /* Project object */;
}
